<?xml version="1.0" encoding="utf-8"?>
<Project ToolsVersion="4.0" xmlns="http://schemas.microsoft.com/developer/msbuild/2003">
  <ItemGroup>
    <Filter Include="Source">
      <UniqueIdentifier>{6516efd3-7322-4ecb-b3d2-58204f871803}</UniqueIdentifier>
    </Filter>
    <Filter Include="Source\Scene">
      <UniqueIdentifier>{a21eb094-3cdd-4bf9-b860-a0d32b7e45b4}</UniqueIdentifier>
    </Filter>
    <Filter Include="Source\Play">
      <UniqueIdentifier>{5a93fcf5-6f4d-4ec6-8726-de099496e413}</UniqueIdentifier>
    </Filter>
    <Filter Include="Source\FPS">
      <UniqueIdentifier>{3346b558-27b9-415e-b39d-64779348920f}</UniqueIdentifier>
    </Filter>
    <Filter Include="Source\Enemy">
      <UniqueIdentifier>{53fa25fe-3333-444b-b5b3-bf93e721dc85}</UniqueIdentifier>
    </Filter>
    <Filter Include="Source\Camera">
      <UniqueIdentifier>{48420c71-3c5b-473d-87dd-4c735deb7b22}</UniqueIdentifier>
    </Filter>
    <Filter Include="Source\Note">
      <UniqueIdentifier>{ce3c053f-9ae4-4ddd-82fc-c710e6546424}</UniqueIdentifier>
    </Filter>
    <Filter Include="Source\Input">
      <UniqueIdentifier>{43769325-6e4c-4733-817c-9fbee9f103f7}</UniqueIdentifier>
    </Filter>
  </ItemGroup>
  <ItemGroup>
    <ClCompile Include="Source\Main.cpp">
      <Filter>Source</Filter>
    </ClCompile>
    <ClCompile Include="Source\Scene\SceneManager.cpp">
      <Filter>Source\Scene</Filter>
    </ClCompile>
    <ClCompile Include="Source\Note\Note.cpp">
      <Filter>Source\Note</Filter>
    </ClCompile>
    <ClCompile Include="Source\Note\NoteManager.cpp">
      <Filter>Source\Note</Filter>
    </ClCompile>
    <ClCompile Include="Source\FPS\FPS.cpp">
      <Filter>Source\FPS</Filter>
    </ClCompile>
    <ClCompile Include="Source\Camera\Camera.cpp">
      <Filter>Source\Camera</Filter>
    </ClCompile>
    <ClCompile Include="Source\Scene\GameScene.cpp">
      <Filter>Source\Scene</Filter>
    </ClCompile>
    <ClCompile Include="Source\Note\ScoreLoader.cpp">
      <Filter>Source\Note</Filter>
    </ClCompile>
    <ClCompile Include="Source\Input\InputManager.cpp">
      <Filter>Source\Input</Filter>
    </ClCompile>
  </ItemGroup>
  <ItemGroup>
    <ClInclude Include="Source\Scene\SceneManager.h">
      <Filter>Source\Scene</Filter>
    </ClInclude>
    <ClInclude Include="Source\Note\Note.h">
      <Filter>Source\Note</Filter>
    </ClInclude>
    <ClInclude Include="Source\Note\NoteManager.h">
      <Filter>Source\Note</Filter>
    </ClInclude>
    <ClInclude Include="Source\FPS\FPS.h">
      <Filter>Source\FPS</Filter>
    </ClInclude>
    <ClInclude Include="Source\Camera\Camera.h">
      <Filter>Source\Camera</Filter>
    </ClInclude>
    <ClInclude Include="Source\Scene\GameScene.h">
      <Filter>Source\Scene</Filter>
    </ClInclude>
    <ClInclude Include="Source\Note\ScoreLoader.h">
      <Filter>Source\Note</Filter>
    </ClInclude>
    <ClInclude Include="Source\Input\InputManager.h">
      <Filter>Source\Input</Filter>
    </ClInclude>
  </ItemGroup>
</Project>